
Microsoft Visual Studio Solution File, Format Version 12.00
# Visual Studio Version 17
VisualStudioVersion = 17.10.34928.147
MinimumVisualStudioVersion = 10.0.40219.1
Project("{FAE04EC0-301F-11D3-BF4B-00C04F79EFBC}") = "machine_industrielle", "machine_industrielle\machine_industrielle.csproj", "{E9AAE548-864F-4848-B2C9-20E1BAA85B19}"
EndProject
Global
	GlobalSection(SolutionConfigurationPlatforms) = preSolution
		Debug|Any CPU = Debug|Any CPU
		Release|Any CPU = Release|Any CPU
	EndGlobalSection
	GlobalSection(ProjectConfigurationPlatforms) = postSolution
		{E9AAE548-864F-4848-B2C9-20E1BAA85B19}.Debug|Any CPU.ActiveCfg = Debug|Any CPU
		{E9AAE548-864F-4848-B2C9-20E1BAA85B19}.Debug|Any CPU.Build.0 = Debug|Any CPU
		{E9AAE548-864F-4848-B2C9-20E1BAA85B19}.Release|Any CPU.ActiveCfg = Release|Any CPU
		{E9AAE548-864F-4848-B2C9-20E1BAA85B19}.Release|Any CPU.Build.0 = Release|Any CPU
	EndGlobalSection
	GlobalSection(SolutionProperties) = preSolution
		HideSolutionNode = FALSE
	EndGlobalSection
	GlobalSection(ExtensibilityGlobals) = postSolution
		SolutionGuid = {EE15D655-EAFF-4B5F-A08D-7940A6ED81C3}
	EndGlobalSection
EndGlobal
